
Microsoft Visual Studio Solution File, Format Version 12.00
# Visual Studio Version 16
VisualStudioVersion = 16.0.29102.190
MinimumVisualStudioVersion = 10.0.40219.1
Project("{2150E333-8FDC-42A3-9474-1A3956D46DE8}") = "Services", "Services", "{1478C799-7CCB-4308-87F4-E0D864DBEEC3}"
EndProject
Project("{2150E333-8FDC-42A3-9474-1A3956D46DE8}") = "Objective", "Objective", "{B5F0C73A-030D-4C96-8338-0F1986D82692}"
EndProject
Project("{9A19103F-16F7-4668-BE54-9A1E7A4F7556}") = "Objective.Api", "services\Objective\Objective.Api\Objective.Api.csproj", "{96386524-93CF-4060-AB03-E0609215A2FE}"
EndProject
Project("{9A19103F-16F7-4668-BE54-9A1E7A4F7556}") = "Objective.Core.Application.Commands", "services\Objective\Objective.Core.Application.Commands\Objective.Core.Application.Commands.csproj", "{1C4F19C6-F0A9-4A87-8936-B56925B051DA}"
EndProject
Project("{9A19103F-16F7-4668-BE54-9A1E7A4F7556}") = "Objective.Core.Application.Queries", "services\Objective\Objective.Core.Application.Queries\Objective.Core.Application.Queries.csproj", "{001B9921-4603-48E5-9D3E-D2A48FB18448}"
EndProject
Project("{9A19103F-16F7-4668-BE54-9A1E7A4F7556}") = "Objective.Core.Domain", "services\Objective\Objective.Core.Domain\Objective.Core.Domain.csproj", "{2449FA8A-6631-417A-8B9E-B8C74F9D38D5}"
EndProject
Project("{9A19103F-16F7-4668-BE54-9A1E7A4F7556}") = "Objective.Infrastructure.Persistence", "services\Objective\Objective.Infrastructure.Persistence\Objective.Infrastructure.Persistence.csproj", "{7A0D85C8-F807-42E5-97E3-6D79D33A8070}"
EndProject
Project("{E53339B2-1760-4266-BCC7-CA923CBCF16C}") = "docker-compose", "docker-compose.dcproj", "{ED5A7BCC-9725-49A1-A4FF-C4D72D21E921}"
EndProject
Project("{9A19103F-16F7-4668-BE54-9A1E7A4F7556}") = "Objective.Core.Application.Queries.Sql", "services\Objective\Objective.Core.Application.Queries.Sql\Objective.Core.Application.Queries.Sql.csproj", "{8A1E5D3D-92C4-453E-99AB-41DF9A7217D4}"
EndProject
Project("{2150E333-8FDC-42A3-9474-1A3956D46DE8}") = "Clients", "Clients", "{A448E161-A433-431D-8E23-A1BA93FF175C}"
EndProject
Project("{FAE04EC0-301F-11D3-BF4B-00C04F79EFBC}") = "WebSpa", "clients\WebSpa\WebSpa.csproj", "{1AF6D8A4-A9C5-4046-98FC-84B25C428E06}"
EndProject
Global
	GlobalSection(SolutionConfigurationPlatforms) = preSolution
		Debug|Any CPU = Debug|Any CPU
		Release|Any CPU = Release|Any CPU
	EndGlobalSection
	GlobalSection(ProjectConfigurationPlatforms) = postSolution
		{96386524-93CF-4060-AB03-E0609215A2FE}.Debug|Any CPU.ActiveCfg = Debug|Any CPU
		{96386524-93CF-4060-AB03-E0609215A2FE}.Debug|Any CPU.Build.0 = Debug|Any CPU
		{96386524-93CF-4060-AB03-E0609215A2FE}.Release|Any CPU.ActiveCfg = Release|Any CPU
		{96386524-93CF-4060-AB03-E0609215A2FE}.Release|Any CPU.Build.0 = Release|Any CPU
		{1C4F19C6-F0A9-4A87-8936-B56925B051DA}.Debug|Any CPU.ActiveCfg = Debug|Any CPU
		{1C4F19C6-F0A9-4A87-8936-B56925B051DA}.Debug|Any CPU.Build.0 = Debug|Any CPU
		{1C4F19C6-F0A9-4A87-8936-B56925B051DA}.Release|Any CPU.ActiveCfg = Release|Any CPU
		{1C4F19C6-F0A9-4A87-8936-B56925B051DA}.Release|Any CPU.Build.0 = Release|Any CPU
		{001B9921-4603-48E5-9D3E-D2A48FB18448}.Debug|Any CPU.ActiveCfg = Debug|Any CPU
		{001B9921-4603-48E5-9D3E-D2A48FB18448}.Debug|Any CPU.Build.0 = Debug|Any CPU
		{001B9921-4603-48E5-9D3E-D2A48FB18448}.Release|Any CPU.ActiveCfg = Release|Any CPU
		{001B9921-4603-48E5-9D3E-D2A48FB18448}.Release|Any CPU.Build.0 = Release|Any CPU
		{2449FA8A-6631-417A-8B9E-B8C74F9D38D5}.Debug|Any CPU.ActiveCfg = Debug|Any CPU
		{2449FA8A-6631-417A-8B9E-B8C74F9D38D5}.Debug|Any CPU.Build.0 = Debug|Any CPU
		{2449FA8A-6631-417A-8B9E-B8C74F9D38D5}.Release|Any CPU.ActiveCfg = Release|Any CPU
		{2449FA8A-6631-417A-8B9E-B8C74F9D38D5}.Release|Any CPU.Build.0 = Release|Any CPU
		{7A0D85C8-F807-42E5-97E3-6D79D33A8070}.Debug|Any CPU.ActiveCfg = Debug|Any CPU
		{7A0D85C8-F807-42E5-97E3-6D79D33A8070}.Debug|Any CPU.Build.0 = Debug|Any CPU
		{7A0D85C8-F807-42E5-97E3-6D79D33A8070}.Release|Any CPU.ActiveCfg = Release|Any CPU
		{7A0D85C8-F807-42E5-97E3-6D79D33A8070}.Release|Any CPU.Build.0 = Release|Any CPU
		{ED5A7BCC-9725-49A1-A4FF-C4D72D21E921}.Debug|Any CPU.ActiveCfg = Debug|Any CPU
		{ED5A7BCC-9725-49A1-A4FF-C4D72D21E921}.Debug|Any CPU.Build.0 = Debug|Any CPU
		{ED5A7BCC-9725-49A1-A4FF-C4D72D21E921}.Release|Any CPU.ActiveCfg = Release|Any CPU
		{ED5A7BCC-9725-49A1-A4FF-C4D72D21E921}.Release|Any CPU.Build.0 = Release|Any CPU
		{8A1E5D3D-92C4-453E-99AB-41DF9A7217D4}.Debug|Any CPU.ActiveCfg = Debug|Any CPU
		{8A1E5D3D-92C4-453E-99AB-41DF9A7217D4}.Debug|Any CPU.Build.0 = Debug|Any CPU
		{8A1E5D3D-92C4-453E-99AB-41DF9A7217D4}.Release|Any CPU.ActiveCfg = Release|Any CPU
		{8A1E5D3D-92C4-453E-99AB-41DF9A7217D4}.Release|Any CPU.Build.0 = Release|Any CPU
		{1AF6D8A4-A9C5-4046-98FC-84B25C428E06}.Debug|Any CPU.ActiveCfg = Debug|Any CPU
		{1AF6D8A4-A9C5-4046-98FC-84B25C428E06}.Debug|Any CPU.Build.0 = Debug|Any CPU
		{1AF6D8A4-A9C5-4046-98FC-84B25C428E06}.Release|Any CPU.ActiveCfg = Release|Any CPU
		{1AF6D8A4-A9C5-4046-98FC-84B25C428E06}.Release|Any CPU.Build.0 = Release|Any CPU
	EndGlobalSection
	GlobalSection(SolutionProperties) = preSolution
		HideSolutionNode = FALSE
	EndGlobalSection
	GlobalSection(NestedProjects) = preSolution
		{B5F0C73A-030D-4C96-8338-0F1986D82692} = {1478C799-7CCB-4308-87F4-E0D864DBEEC3}
		{96386524-93CF-4060-AB03-E0609215A2FE} = {B5F0C73A-030D-4C96-8338-0F1986D82692}
		{1C4F19C6-F0A9-4A87-8936-B56925B051DA} = {B5F0C73A-030D-4C96-8338-0F1986D82692}
		{001B9921-4603-48E5-9D3E-D2A48FB18448} = {B5F0C73A-030D-4C96-8338-0F1986D82692}
		{2449FA8A-6631-417A-8B9E-B8C74F9D38D5} = {B5F0C73A-030D-4C96-8338-0F1986D82692}
		{7A0D85C8-F807-42E5-97E3-6D79D33A8070} = {B5F0C73A-030D-4C96-8338-0F1986D82692}
		{8A1E5D3D-92C4-453E-99AB-41DF9A7217D4} = {B5F0C73A-030D-4C96-8338-0F1986D82692}
		{1AF6D8A4-A9C5-4046-98FC-84B25C428E06} = {A448E161-A433-431D-8E23-A1BA93FF175C}
	EndGlobalSection
	GlobalSection(ExtensibilityGlobals) = postSolution
		SolutionGuid = {C14D1FEB-B6C2-418E-9C23-78A6319C3430}
	EndGlobalSection
EndGlobal
